
Microsoft Visual Studio Solution File, Format Version 12.00
# Visual Studio Version 17
VisualStudioVersion = 17.14.36109.1
MinimumVisualStudioVersion = 10.0.40219.1
Project("{FAE04EC0-301F-11D3-BF4B-00C04F79EFBC}") = "RaftLabsTest.Models", "RaftLabsTest.Models\RaftLabsTest.Models.csproj", "{58C3309F-CAF9-4CF9-BCF9-E22DC38DE29F}"
EndProject
Project("{FAE04EC0-301F-11D3-BF4B-00C04F79EFBC}") = "RaftLabsTest.Application", "RaftLabsTest.Application\RaftLabsTest.Application.csproj", "{C940554C-34AF-4284-A8F0-BB133E10B7CD}"
EndProject
Project("{FAE04EC0-301F-11D3-BF4B-00C04F79EFBC}") = "RaftLabsTest.Infrastructure", "RaftLabsTest.Infrastructure\RaftLabsTest.Infrastructure.csproj", "{9B1D61C1-1F35-4C18-BC90-2C4FFFD03B9E}"
EndProject
Project("{FAE04EC0-301F-11D3-BF4B-00C04F79EFBC}") = "RaftLabsTest.ConsoleApp", "RaftLabsTest.ConsoleApp\RaftLabsTest.ConsoleApp.csproj", "{9F944F54-CADA-4240-838B-6DC47831B6BD}"
EndProject
Project("{FAE04EC0-301F-11D3-BF4B-00C04F79EFBC}") = "RaftLabsTest.Test", "RaftLabsTest.Test\RaftLabsTest.Test.csproj", "{093B22FA-3F92-4603-BBFE-F178C1BEA46B}"
EndProject
Global
	GlobalSection(SolutionConfigurationPlatforms) = preSolution
		Debug|Any CPU = Debug|Any CPU
		Release|Any CPU = Release|Any CPU
	EndGlobalSection
	GlobalSection(ProjectConfigurationPlatforms) = postSolution
		{58C3309F-CAF9-4CF9-BCF9-E22DC38DE29F}.Debug|Any CPU.ActiveCfg = Debug|Any CPU
		{58C3309F-CAF9-4CF9-BCF9-E22DC38DE29F}.Debug|Any CPU.Build.0 = Debug|Any CPU
		{58C3309F-CAF9-4CF9-BCF9-E22DC38DE29F}.Release|Any CPU.ActiveCfg = Release|Any CPU
		{58C3309F-CAF9-4CF9-BCF9-E22DC38DE29F}.Release|Any CPU.Build.0 = Release|Any CPU
		{C940554C-34AF-4284-A8F0-BB133E10B7CD}.Debug|Any CPU.ActiveCfg = Debug|Any CPU
		{C940554C-34AF-4284-A8F0-BB133E10B7CD}.Debug|Any CPU.Build.0 = Debug|Any CPU
		{C940554C-34AF-4284-A8F0-BB133E10B7CD}.Release|Any CPU.ActiveCfg = Release|Any CPU
		{C940554C-34AF-4284-A8F0-BB133E10B7CD}.Release|Any CPU.Build.0 = Release|Any CPU
		{9B1D61C1-1F35-4C18-BC90-2C4FFFD03B9E}.Debug|Any CPU.ActiveCfg = Debug|Any CPU
		{9B1D61C1-1F35-4C18-BC90-2C4FFFD03B9E}.Debug|Any CPU.Build.0 = Debug|Any CPU
		{9B1D61C1-1F35-4C18-BC90-2C4FFFD03B9E}.Release|Any CPU.ActiveCfg = Release|Any CPU
		{9B1D61C1-1F35-4C18-BC90-2C4FFFD03B9E}.Release|Any CPU.Build.0 = Release|Any CPU
		{9F944F54-CADA-4240-838B-6DC47831B6BD}.Debug|Any CPU.ActiveCfg = Debug|Any CPU
		{9F944F54-CADA-4240-838B-6DC47831B6BD}.Debug|Any CPU.Build.0 = Debug|Any CPU
		{9F944F54-CADA-4240-838B-6DC47831B6BD}.Release|Any CPU.ActiveCfg = Release|Any CPU
		{9F944F54-CADA-4240-838B-6DC47831B6BD}.Release|Any CPU.Build.0 = Release|Any CPU
		{093B22FA-3F92-4603-BBFE-F178C1BEA46B}.Debug|Any CPU.ActiveCfg = Debug|Any CPU
		{093B22FA-3F92-4603-BBFE-F178C1BEA46B}.Debug|Any CPU.Build.0 = Debug|Any CPU
		{093B22FA-3F92-4603-BBFE-F178C1BEA46B}.Release|Any CPU.ActiveCfg = Release|Any CPU
		{093B22FA-3F92-4603-BBFE-F178C1BEA46B}.Release|Any CPU.Build.0 = Release|Any CPU
	EndGlobalSection
	GlobalSection(SolutionProperties) = preSolution
		HideSolutionNode = FALSE
	EndGlobalSection
	GlobalSection(ExtensibilityGlobals) = postSolution
		SolutionGuid = {F1E9FA80-0404-4379-A018-29BF2405C09A}
	EndGlobalSection
EndGlobal
